
Microsoft Visual Studio Solution File, Format Version 12.00
# Visual Studio Version 16
VisualStudioVersion = 16.0.30320.27
MinimumVisualStudioVersion = 10.0.40219.1
Project("{FAE04EC0-301F-11D3-BF4B-00C04F79EFBC}") = "MyTrello", "MyTrello\MyTrello.csproj", "{58E2CF0D-74FF-456D-B2FA-9A4576BB9215}"
EndProject
Global
	GlobalSection(SolutionConfigurationPlatforms) = preSolution
		Debug|Any CPU = Debug|Any CPU
		Release|Any CPU = Release|Any CPU
	EndGlobalSection
	GlobalSection(ProjectConfigurationPlatforms) = postSolution
		{58E2CF0D-74FF-456D-B2FA-9A4576BB9215}.Debug|Any CPU.ActiveCfg = Debug|Any CPU
		{58E2CF0D-74FF-456D-B2FA-9A4576BB9215}.Debug|Any CPU.Build.0 = Debug|Any CPU
		{58E2CF0D-74FF-456D-B2FA-9A4576BB9215}.Release|Any CPU.ActiveCfg = Release|Any CPU
		{58E2CF0D-74FF-456D-B2FA-9A4576BB9215}.Release|Any CPU.Build.0 = Release|Any CPU
	EndGlobalSection
	GlobalSection(SolutionProperties) = preSolution
		HideSolutionNode = FALSE
	EndGlobalSection
	GlobalSection(ExtensibilityGlobals) = postSolution
		SolutionGuid = {E2AD2363-0CEF-40EB-94B5-2DD05C9FB10A}
	EndGlobalSection
EndGlobal
